
Microsoft Visual Studio Solution File, Format Version 12.00
# Visual Studio Version 16
VisualStudioVersion = 25.0.1706.5
MinimumVisualStudioVersion = 10.0.40219.1
Project("{FAE04EC0-301F-11D3-BF4B-00C04F79EFBC}") = "Business", "Business\Business.csproj", "{681FEA56-3AA7-457C-BDF8-BE8498225E46}"
EndProject
Project("{FAE04EC0-301F-11D3-BF4B-00C04F79EFBC}") = "Entities", "Entities\Entities.csproj", "{516D25EE-AD97-4049-98C5-292945CECF8D}"
EndProject
Project("{FAE04EC0-301F-11D3-BF4B-00C04F79EFBC}") = "DataAccess", "DataAccess\DataAccess.csproj", "{22F2FA7A-9114-4B78-88BB-81A74A2F2F8D}"
EndProject
Project("{FAE04EC0-301F-11D3-BF4B-00C04F79EFBC}") = "ConsoleUI", "ConsoleUI\ConsoleUI.csproj", "{B27E4762-87E1-4F5A-AFF0-C9EBEA8C74A2}"
EndProject
Project("{FAE04EC0-301F-11D3-BF4B-00C04F79EFBC}") = "Core", "Core\Core.csproj", "{9B06B293-A457-47FC-BB25-F29DE4D58BD2}"
EndProject
Project("{FAE04EC0-301F-11D3-BF4B-00C04F79EFBC}") = "WebAPI", "WebAPI\WebAPI.csproj", "{4111E201-65ED-4FC5-B32B-5D24684C98F0}"
EndProject
Global
	GlobalSection(SolutionConfigurationPlatforms) = preSolution
		Debug|Any CPU = Debug|Any CPU
		Release|Any CPU = Release|Any CPU
	EndGlobalSection
	GlobalSection(ProjectConfigurationPlatforms) = postSolution
		{681FEA56-3AA7-457C-BDF8-BE8498225E46}.Debug|Any CPU.ActiveCfg = Debug|Any CPU
		{681FEA56-3AA7-457C-BDF8-BE8498225E46}.Debug|Any CPU.Build.0 = Debug|Any CPU
		{681FEA56-3AA7-457C-BDF8-BE8498225E46}.Release|Any CPU.ActiveCfg = Release|Any CPU
		{681FEA56-3AA7-457C-BDF8-BE8498225E46}.Release|Any CPU.Build.0 = Release|Any CPU
		{516D25EE-AD97-4049-98C5-292945CECF8D}.Debug|Any CPU.ActiveCfg = Debug|Any CPU
		{516D25EE-AD97-4049-98C5-292945CECF8D}.Debug|Any CPU.Build.0 = Debug|Any CPU
		{516D25EE-AD97-4049-98C5-292945CECF8D}.Release|Any CPU.ActiveCfg = Release|Any CPU
		{516D25EE-AD97-4049-98C5-292945CECF8D}.Release|Any CPU.Build.0 = Release|Any CPU
		{22F2FA7A-9114-4B78-88BB-81A74A2F2F8D}.Debug|Any CPU.ActiveCfg = Debug|Any CPU
		{22F2FA7A-9114-4B78-88BB-81A74A2F2F8D}.Debug|Any CPU.Build.0 = Debug|Any CPU
		{22F2FA7A-9114-4B78-88BB-81A74A2F2F8D}.Release|Any CPU.ActiveCfg = Release|Any CPU
		{22F2FA7A-9114-4B78-88BB-81A74A2F2F8D}.Release|Any CPU.Build.0 = Release|Any CPU
		{B27E4762-87E1-4F5A-AFF0-C9EBEA8C74A2}.Debug|Any CPU.ActiveCfg = Debug|Any CPU
		{B27E4762-87E1-4F5A-AFF0-C9EBEA8C74A2}.Debug|Any CPU.Build.0 = Debug|Any CPU
		{B27E4762-87E1-4F5A-AFF0-C9EBEA8C74A2}.Release|Any CPU.ActiveCfg = Release|Any CPU
		{B27E4762-87E1-4F5A-AFF0-C9EBEA8C74A2}.Release|Any CPU.Build.0 = Release|Any CPU
		{9B06B293-A457-47FC-BB25-F29DE4D58BD2}.Debug|Any CPU.ActiveCfg = Debug|Any CPU
		{9B06B293-A457-47FC-BB25-F29DE4D58BD2}.Debug|Any CPU.Build.0 = Debug|Any CPU
		{9B06B293-A457-47FC-BB25-F29DE4D58BD2}.Release|Any CPU.ActiveCfg = Release|Any CPU
		{9B06B293-A457-47FC-BB25-F29DE4D58BD2}.Release|Any CPU.Build.0 = Release|Any CPU
		{4111E201-65ED-4FC5-B32B-5D24684C98F0}.Debug|Any CPU.ActiveCfg = Debug|Any CPU
		{4111E201-65ED-4FC5-B32B-5D24684C98F0}.Debug|Any CPU.Build.0 = Debug|Any CPU
		{4111E201-65ED-4FC5-B32B-5D24684C98F0}.Release|Any CPU.ActiveCfg = Release|Any CPU
		{4111E201-65ED-4FC5-B32B-5D24684C98F0}.Release|Any CPU.Build.0 = Release|Any CPU
	EndGlobalSection
	GlobalSection(SolutionProperties) = preSolution
		HideSolutionNode = FALSE
	EndGlobalSection
	GlobalSection(ExtensibilityGlobals) = postSolution
		SolutionGuid = {F851CEF4-A506-4F1C-8077-902BA17D5D0C}
	EndGlobalSection
EndGlobal
